{
  "requires": true,
  "lockfileVersion": 1,
  "dependencies": {
    "ng-sidebar": {
      "version": "9.4.3",
      "resolved": "https://registry.npmjs.org/ng-sidebar/-/ng-sidebar-9.4.3.tgz",
      "integrity": "sha512-TgBO/3xZG8zzUVaBeQB+YWodZ8Uc6j1C6gQf+u4oOEqoe6NNaYeDOTU/fooryL9PoFTivLOJdnHeCFx3lucpvQ=="
    }
  }
}
